// !$*UTF8*$!
{
	archiveVersion = 1;
	classes = {
	};
	objectVersion = 46;
	objects = {

/* Begin PBXBuildFile section */
		301C5DA11C7219C700050DAB /* AssetsLibrary.framework in Frameworks */ = {isa = PBXBuildFile; fileRef = 301C5DA01C7219C700050DAB /* AssetsLibrary.framework */; };
		30346D6A1C74C84100E9D55C /* AVFoundationCameraViewController.m in Sources */ = {isa = PBXBuildFile; fileRef = 30346D681C74C84100E9D55C /* AVFoundationCameraViewController.m */; };
		30346D6B1C74C84100E9D55C /* AVFoundationCameraViewController.xib in Resources */ = {isa = PBXBuildFile; fileRef = 30346D691C74C84100E9D55C /* AVFoundationCameraViewController.xib */; };
		303D3F841C5FA3CD0083F275 /* MediaPlayer.framework in Frameworks */ = {isa = PBXBuildFile; fileRef = 303D3F831C5FA3CD0083F275 /* MediaPlayer.framework */; };
		3051567A1C6F0772008C61ED /* MoviePlayerController.m in Sources */ = {isa = PBXBuildFile; fileRef = 305156791C6F0772008C61ED /* MoviePlayerController.m */; };
		7306CEE91C71BFFD00293B71 /* MobileCoreServices.framework in Frameworks */ = {isa = PBXBuildFile; fileRef = 7306CEE81C71BFFD00293B71 /* MobileCoreServices.framework */; };
		7306CEEF1C71C06300293B71 /* UIImagePickerViewController.m in Sources */ = {isa = PBXBuildFile; fileRef = 7306CEEE1C71C06300293B71 /* UIImagePickerViewController.m */; };
		7306CEF31C71D02400293B71 /* UIImagePickerViewController.storyboard in Resources */ = {isa = PBXBuildFile; fileRef = 7306CEF21C71D02400293B71 /* UIImagePickerViewController.storyboard */; };
		7306CEF61C71D7C600293B71 /* FirstViewController.m in Sources */ = {isa = PBXBuildFile; fileRef = 7306CEF51C71D7C600293B71 /* FirstViewController.m */; };
		731119021C5F434900BA29DE /* main.m in Sources */ = {isa = PBXBuildFile; fileRef = 731119011C5F434900BA29DE /* main.m */; };
		731119051C5F434900BA29DE /* AppDelegate.m in Sources */ = {isa = PBXBuildFile; fileRef = 731119041C5F434900BA29DE /* AppDelegate.m */; };
		7311190B1C5F434900BA29DE /* Main.storyboard in Resources */ = {isa = PBXBuildFile; fileRef = 731119091C5F434900BA29DE /* Main.storyboard */; };
		7311190D1C5F434900BA29DE /* Assets.xcassets in Resources */ = {isa = PBXBuildFile; fileRef = 7311190C1C5F434900BA29DE /* Assets.xcassets */; };
		731119101C5F434900BA29DE /* LaunchScreen.storyboard in Resources */ = {isa = PBXBuildFile; fileRef = 7311190E1C5F434900BA29DE /* LaunchScreen.storyboard */; };
		731119181C5F437E00BA29DE /* ViewController.m in Sources */ = {isa = PBXBuildFile; fileRef = 731119171C5F437E00BA29DE /* ViewController.m */; };
		731119231C5F451400BA29DE /* MKAVPlayerViewController.m in Sources */ = {isa = PBXBuildFile; fileRef = 731119221C5F451400BA29DE /* MKAVPlayerViewController.m */; };
		731119261C5F452200BA29DE /* VideoCutPhotoViewController.m in Sources */ = {isa = PBXBuildFile; fileRef = 731119251C5F452200BA29DE /* VideoCutPhotoViewController.m */; };
		731119281C5F48EA00BA29DE /* AVFoundation.framework in Frameworks */ = {isa = PBXBuildFile; fileRef = 731119271C5F48EA00BA29DE /* AVFoundation.framework */; };
		7311192E1C5F581D00BA29DE /* AudioToolbox.framework in Frameworks */ = {isa = PBXBuildFile; fileRef = 7311192D1C5F581D00BA29DE /* AudioToolbox.framework */; };
		731119301C5F593A00BA29DE /* 声音大全.xml in Resources */ = {isa = PBXBuildFile; fileRef = 7311192F1C5F593A00BA29DE /* 声音大全.xml */; };
		731119331C5F596100BA29DE /* RecordViewController.m in Sources */ = {isa = PBXBuildFile; fileRef = 731119321C5F596100BA29DE /* RecordViewController.m */; };
		731119361C5F598A00BA29DE /* AudioToolViewController.m in Sources */ = {isa = PBXBuildFile; fileRef = 731119351C5F598A00BA29DE /* AudioToolViewController.m */; };
		731119381C5F5D5300BA29DE /* msgTritone.caf in Resources */ = {isa = PBXBuildFile; fileRef = 731119371C5F5D5300BA29DE /* msgTritone.caf */; };
		7311193B1C5F60F000BA29DE /* MusicViewController.m in Sources */ = {isa = PBXBuildFile; fileRef = 7311193A1C5F60F000BA29DE /* MusicViewController.m */; };
		7311193E1C5F618400BA29DE /* 刘若英 - 原来你也在这里.mp3 in Resources */ = {isa = PBXBuildFile; fileRef = 7311193D1C5F618400BA29DE /* 刘若英 - 原来你也在这里.mp3 */; };
		7358231E1C60718D00C42383 /* HHHViewController.m in Sources */ = {isa = PBXBuildFile; fileRef = 7358231D1C60718D00C42383 /* HHHViewController.m */; };
		735823231C607EB200C42383 /* RecordViewController.storyboard in Resources */ = {isa = PBXBuildFile; fileRef = 735823221C607EB200C42383 /* RecordViewController.storyboard */; };
		735823261C6087F300C42383 /* MediaMusicViewController.m in Sources */ = {isa = PBXBuildFile; fileRef = 735823251C6087F300C42383 /* MediaMusicViewController.m */; };
		737E33021C63483600398296 /* MoviePlayerViewController.m in Sources */ = {isa = PBXBuildFile; fileRef = 737E33011C63483600398296 /* MoviePlayerViewController.m */; };
		737E33041C6358C600398296 /* AVKit.framework in Frameworks */ = {isa = PBXBuildFile; fileRef = 737E33031C6358C600398296 /* AVKit.framework */; };
		73FB817E1C60A8EE00135D69 /* CFNetwork.framework in Frameworks */ = {isa = PBXBuildFile; fileRef = 73FB817D1C60A8EE00135D69 /* CFNetwork.framework */; };
		73FB81831C60A94C00135D69 /* Reachability.m in Sources */ = {isa = PBXBuildFile; fileRef = 73FB81821C60A94C00135D69 /* Reachability.m */; };
		73FB81971C60A95B00135D69 /* audio_queue.cpp in Sources */ = {isa = PBXBuildFile; fileRef = 73FB81851C60A95B00135D69 /* audio_queue.cpp */; };
		73FB81981C60A95B00135D69 /* audio_stream.cpp in Sources */ = {isa = PBXBuildFile; fileRef = 73FB81871C60A95B00135D69 /* audio_stream.cpp */; };
		73FB81991C60A95B00135D69 /* caching_stream.cpp in Sources */ = {isa = PBXBuildFile; fileRef = 73FB81891C60A95B00135D69 /* caching_stream.cpp */; };
		73FB819A1C60A95B00135D69 /* file_output.cpp in Sources */ = {isa = PBXBuildFile; fileRef = 73FB818B1C60A95B00135D69 /* file_output.cpp */; };
		73FB819B1C60A95B00135D69 /* file_stream.cpp in Sources */ = {isa = PBXBuildFile; fileRef = 73FB818D1C60A95B00135D69 /* file_stream.cpp */; };
		73FB819C1C60A95B00135D69 /* http_stream.cpp in Sources */ = {isa = PBXBuildFile; fileRef = 73FB818F1C60A95B00135D69 /* http_stream.cpp */; };
		73FB819D1C60A95B00135D69 /* id3_parser.cpp in Sources */ = {isa = PBXBuildFile; fileRef = 73FB81911C60A95B00135D69 /* id3_parser.cpp */; };
		73FB819E1C60A95B00135D69 /* input_stream.cpp in Sources */ = {isa = PBXBuildFile; fileRef = 73FB81931C60A95B00135D69 /* input_stream.cpp */; };
		73FB819F1C60A95B00135D69 /* stream_configuration.cpp in Sources */ = {isa = PBXBuildFile; fileRef = 73FB81951C60A95B00135D69 /* stream_configuration.cpp */; };
		73FB81AF1C60A97300135D69 /* FSAudioController.m in Sources */ = {isa = PBXBuildFile; fileRef = 73FB81A21C60A97300135D69 /* FSAudioController.m */; };
		73FB81B01C60A97300135D69 /* FSAudioStream.mm in Sources */ = {isa = PBXBuildFile; fileRef = 73FB81A41C60A97300135D69 /* FSAudioStream.mm */; };
		73FB81B11C60A97300135D69 /* FSCheckContentTypeRequest.m in Sources */ = {isa = PBXBuildFile; fileRef = 73FB81A61C60A97300135D69 /* FSCheckContentTypeRequest.m */; };
		73FB81B21C60A97300135D69 /* FSParsePlaylistRequest.m in Sources */ = {isa = PBXBuildFile; fileRef = 73FB81A81C60A97300135D69 /* FSParsePlaylistRequest.m */; };
		73FB81B31C60A97300135D69 /* FSParseRssPodcastFeedRequest.m in Sources */ = {isa = PBXBuildFile; fileRef = 73FB81AA1C60A97300135D69 /* FSParseRssPodcastFeedRequest.m */; };
		73FB81B41C60A97300135D69 /* FSPlaylistItem.m in Sources */ = {isa = PBXBuildFile; fileRef = 73FB81AC1C60A97300135D69 /* FSPlaylistItem.m */; };
		73FB81B51C60A97300135D69 /* FSXMLHttpRequest.m in Sources */ = {isa = PBXBuildFile; fileRef = 73FB81AE1C60A97300135D69 /* FSXMLHttpRequest.m */; };
		73FB81B81C60A98F00135D69 /* AudioQueueServicesViewController.m in Sources */ = {isa = PBXBuildFile; fileRef = 73FB81B71C60A98F00135D69 /* AudioQueueServicesViewController.m */; };
/* End PBXBuildFile section */

/* Begin PBXFileReference section */
		301C5DA01C7219C700050DAB /* AssetsLibrary.framework */ = {isa = PBXFileReference; lastKnownFileType = wrapper.framework; name = AssetsLibrary.framework; path = System/Library/Frameworks/AssetsLibrary.framework; sourceTree = SDKROOT; };
		30346D671C74C84100E9D55C /* AVFoundationCameraViewController.h */ = {isa = PBXFileReference; fileEncoding = 4; lastKnownFileType = sourcecode.c.h; path = AVFoundationCameraViewController.h; sourceTree = "<group>"; };
		30346D681C74C84100E9D55C /* AVFoundationCameraViewController.m */ = {isa = PBXFileReference; fileEncoding = 4; lastKnownFileType = sourcecode.c.objc; path = AVFoundationCameraViewController.m; sourceTree = "<group>"; };
		30346D691C74C84100E9D55C /* AVFoundationCameraViewController.xib */ = {isa = PBXFileReference; fileEncoding = 4; lastKnownFileType = file.xib; path = AVFoundationCameraViewController.xib; sourceTree = "<group>"; };
		303D3F831C5FA3CD0083F275 /* MediaPlayer.framework */ = {isa = PBXFileReference; lastKnownFileType = wrapper.framework; name = MediaPlayer.framework; path = System/Library/Frameworks/MediaPlayer.framework; sourceTree = SDKROOT; };
		305156781C6F0772008C61ED /* MoviePlayerController.h */ = {isa = PBXFileReference; fileEncoding = 4; lastKnownFileType = sourcecode.c.h; path = MoviePlayerController.h; sourceTree = "<group>"; };
		305156791C6F0772008C61ED /* MoviePlayerController.m */ = {isa = PBXFileReference; fileEncoding = 4; lastKnownFileType = sourcecode.c.objc; path = MoviePlayerController.m; sourceTree = "<group>"; };
		7306CEE81C71BFFD00293B71 /* MobileCoreServices.framework */ = {isa = PBXFileReference; lastKnownFileType = wrapper.framework; name = MobileCoreServices.framework; path = System/Library/Frameworks/MobileCoreServices.framework; sourceTree = SDKROOT; };
		7306CEED1C71C06300293B71 /* UIImagePickerViewController.h */ = {isa = PBXFileReference; fileEncoding = 4; lastKnownFileType = sourcecode.c.h; path = UIImagePickerViewController.h; sourceTree = "<group>"; };
		7306CEEE1C71C06300293B71 /* UIImagePickerViewController.m */ = {isa = PBXFileReference; fileEncoding = 4; lastKnownFileType = sourcecode.c.objc; path = UIImagePickerViewController.m; sourceTree = "<group>"; };
		7306CEF21C71D02400293B71 /* UIImagePickerViewController.storyboard */ = {isa = PBXFileReference; fileEncoding = 4; lastKnownFileType = file.storyboard; path = UIImagePickerViewController.storyboard; sourceTree = "<group>"; };
		7306CEF41C71D7C600293B71 /* FirstViewController.h */ = {isa = PBXFileReference; fileEncoding = 4; lastKnownFileType = sourcecode.c.h; path = FirstViewController.h; sourceTree = "<group>"; };
		7306CEF51C71D7C600293B71 /* FirstViewController.m */ = {isa = PBXFileReference; fileEncoding = 4; lastKnownFileType = sourcecode.c.objc; path = FirstViewController.m; sourceTree = "<group>"; };
		731118FD1C5F434900BA29DE /* Media All.app */ = {isa = PBXFileReference; explicitFileType = wrapper.application; includeInIndex = 0; path = "Media All.app"; sourceTree = BUILT_PRODUCTS_DIR; };
		731119011C5F434900BA29DE /* main.m */ = {isa = PBXFileReference; lastKnownFileType = sourcecode.c.objc; path = main.m; sourceTree = "<group>"; };
		731119031C5F434900BA29DE /* AppDelegate.h */ = {isa = PBXFileReference; lastKnownFileType = sourcecode.c.h; path = AppDelegate.h; sourceTree = "<group>"; };
		731119041C5F434900BA29DE /* AppDelegate.m */ = {isa = PBXFileReference; lastKnownFileType = sourcecode.c.objc; path = AppDelegate.m; sourceTree = "<group>"; };
		7311190A1C5F434900BA29DE /* Base */ = {isa = PBXFileReference; lastKnownFileType = file.storyboard; name = Base; path = Base.lproj/Main.storyboard; sourceTree = "<group>"; };
		7311190C1C5F434900BA29DE /* Assets.xcassets */ = {isa = PBXFileReference; lastKnownFileType = folder.assetcatalog; path = Assets.xcassets; sourceTree = "<group>"; };
		7311190F1C5F434900BA29DE /* Base */ = {isa = PBXFileReference; lastKnownFileType = file.storyboard; name = Base; path = Base.lproj/LaunchScreen.storyboard; sourceTree = "<group>"; };
		731119111C5F434900BA29DE /* Info.plist */ = {isa = PBXFileReference; lastKnownFileType = text.plist.xml; path = Info.plist; sourceTree = "<group>"; };
		731119171C5F437E00BA29DE /* ViewController.m */ = {isa = PBXFileReference; fileEncoding = 4; lastKnownFileType = sourcecode.c.objc; path = ViewController.m; sourceTree = "<group>"; };
		7311191A1C5F438E00BA29DE /* ViewController.h */ = {isa = PBXFileReference; fileEncoding = 4; lastKnownFileType = sourcecode.c.h; path = ViewController.h; sourceTree = "<group>"; };
		731119211C5F451400BA29DE /* MKAVPlayerViewController.h */ = {isa = PBXFileReference; fileEncoding = 4; lastKnownFileType = sourcecode.c.h; path = MKAVPlayerViewController.h; sourceTree = "<group>"; };
		731119221C5F451400BA29DE /* MKAVPlayerViewController.m */ = {isa = PBXFileReference; fileEncoding = 4; lastKnownFileType = sourcecode.c.objc; path = MKAVPlayerViewController.m; sourceTree = "<group>"; };
		731119241C5F452200BA29DE /* VideoCutPhotoViewController.h */ = {isa = PBXFileReference; fileEncoding = 4; lastKnownFileType = sourcecode.c.h; path = VideoCutPhotoViewController.h; sourceTree = "<group>"; };
		731119251C5F452200BA29DE /* VideoCutPhotoViewController.m */ = {isa = PBXFileReference; fileEncoding = 4; lastKnownFileType = sourcecode.c.objc; path = VideoCutPhotoViewController.m; sourceTree = "<group>"; };
		731119271C5F48EA00BA29DE /* AVFoundation.framework */ = {isa = PBXFileReference; lastKnownFileType = wrapper.framework; name = AVFoundation.framework; path = System/Library/Frameworks/AVFoundation.framework; sourceTree = SDKROOT; };
		7311192D1C5F581D00BA29DE /* AudioToolbox.framework */ = {isa = PBXFileReference; lastKnownFileType = wrapper.framework; name = AudioToolbox.framework; path = System/Library/Frameworks/AudioToolbox.framework; sourceTree = SDKROOT; };
		7311192F1C5F593A00BA29DE /* 声音大全.xml */ = {isa = PBXFileReference; fileEncoding = 4; lastKnownFileType = text.xml; path = "声音大全.xml"; sourceTree = "<group>"; };
		731119311C5F596100BA29DE /* RecordViewController.h */ = {isa = PBXFileReference; fileEncoding = 4; lastKnownFileType = sourcecode.c.h; path = RecordViewController.h; sourceTree = "<group>"; };
		731119321C5F596100BA29DE /* RecordViewController.m */ = {isa = PBXFileReference; fileEncoding = 4; lastKnownFileType = sourcecode.c.objc; path = RecordViewController.m; sourceTree = "<group>"; };
		731119341C5F598A00BA29DE /* AudioToolViewController.h */ = {isa = PBXFileReference; fileEncoding = 4; lastKnownFileType = sourcecode.c.h; path = AudioToolViewController.h; sourceTree = "<group>"; };
		731119351C5F598A00BA29DE /* AudioToolViewController.m */ = {isa = PBXFileReference; fileEncoding = 4; lastKnownFileType = sourcecode.c.objc; path = AudioToolViewController.m; sourceTree = "<group>"; };
		731119371C5F5D5300BA29DE /* msgTritone.caf */ = {isa = PBXFileReference; lastKnownFileType = file; path = msgTritone.caf; sourceTree = "<group>"; };
		731119391C5F60F000BA29DE /* MusicViewController.h */ = {isa = PBXFileReference; fileEncoding = 4; lastKnownFileType = sourcecode.c.h; path = MusicViewController.h; sourceTree = "<group>"; };
		7311193A1C5F60F000BA29DE /* MusicViewController.m */ = {isa = PBXFileReference; fileEncoding = 4; lastKnownFileType = sourcecode.c.objc; path = MusicViewController.m; sourceTree = "<group>"; };
		7311193D1C5F618400BA29DE /* 刘若英 - 原来你也在这里.mp3 */ = {isa = PBXFileReference; lastKnownFileType = audio.mp3; path = "刘若英 - 原来你也在这里.mp3"; sourceTree = "<group>"; };
		7358231D1C60718D00C42383 /* HHHViewController.m */ = {isa = PBXFileReference; fileEncoding = 4; lastKnownFileType = sourcecode.c.objc; path = HHHViewController.m; sourceTree = "<group>"; };
		7358231F1C60719400C42383 /* HHHViewController.h */ = {isa = PBXFileReference; fileEncoding = 4; lastKnownFileType = sourcecode.c.h; path = HHHViewController.h; sourceTree = "<group>"; };
		735823221C607EB200C42383 /* RecordViewController.storyboard */ = {isa = PBXFileReference; fileEncoding = 4; lastKnownFileType = file.storyboard; path = RecordViewController.storyboard; sourceTree = "<group>"; };
		735823241C6087F300C42383 /* MediaMusicViewController.h */ = {isa = PBXFileReference; fileEncoding = 4; lastKnownFileType = sourcecode.c.h; path = MediaMusicViewController.h; sourceTree = "<group>"; };
		735823251C6087F300C42383 /* MediaMusicViewController.m */ = {isa = PBXFileReference; fileEncoding = 4; lastKnownFileType = sourcecode.c.objc; path = MediaMusicViewController.m; sourceTree = "<group>"; };
		737E33001C63483600398296 /* MoviePlayerViewController.h */ = {isa = PBXFileReference; fileEncoding = 4; lastKnownFileType = sourcecode.c.h; path = MoviePlayerViewController.h; sourceTree = "<group>"; };
		737E33011C63483600398296 /* MoviePlayerViewController.m */ = {isa = PBXFileReference; fileEncoding = 4; lastKnownFileType = sourcecode.c.objc; path = MoviePlayerViewController.m; sourceTree = "<group>"; };
		737E33031C6358C600398296 /* AVKit.framework */ = {isa = PBXFileReference; lastKnownFileType = wrapper.framework; name = AVKit.framework; path = System/Library/Frameworks/AVKit.framework; sourceTree = SDKROOT; };
		73FB817D1C60A8EE00135D69 /* CFNetwork.framework */ = {isa = PBXFileReference; lastKnownFileType = wrapper.framework; name = CFNetwork.framework; path = System/Library/Frameworks/CFNetwork.framework; sourceTree = SDKROOT; };
		73FB81811C60A94C00135D69 /* Reachability.h */ = {isa = PBXFileReference; fileEncoding = 4; lastKnownFileType = sourcecode.c.h; path = Reachability.h; sourceTree = "<group>"; };
		73FB81821C60A94C00135D69 /* Reachability.m */ = {isa = PBXFileReference; fileEncoding = 4; lastKnownFileType = sourcecode.c.objc; path = Reachability.m; sourceTree = "<group>"; };
		73FB81851C60A95B00135D69 /* audio_queue.cpp */ = {isa = PBXFileReference; fileEncoding = 4; lastKnownFileType = sourcecode.cpp.cpp; path = audio_queue.cpp; sourceTree = "<group>"; };
		73FB81861C60A95B00135D69 /* audio_queue.h */ = {isa = PBXFileReference; fileEncoding = 4; lastKnownFileType = sourcecode.c.h; path = audio_queue.h; sourceTree = "<group>"; };
		73FB81871C60A95B00135D69 /* audio_stream.cpp */ = {isa = PBXFileReference; fileEncoding = 4; lastKnownFileType = sourcecode.cpp.cpp; path = audio_stream.cpp; sourceTree = "<group>"; };
		73FB81881C60A95B00135D69 /* audio_stream.h */ = {isa = PBXFileReference; fileEncoding = 4; lastKnownFileType = sourcecode.c.h; path = audio_stream.h; sourceTree = "<group>"; };
		73FB81891C60A95B00135D69 /* caching_stream.cpp */ = {isa = PBXFileReference; fileEncoding = 4; lastKnownFileType = sourcecode.cpp.cpp; path = caching_stream.cpp; sourceTree = "<group>"; };
		73FB818A1C60A95B00135D69 /* caching_stream.h */ = {isa = PBXFileReference; fileEncoding = 4; lastKnownFileType = sourcecode.c.h; path = caching_stream.h; sourceTree = "<group>"; };
		73FB818B1C60A95B00135D69 /* file_output.cpp */ = {isa = PBXFileReference; fileEncoding = 4; lastKnownFileType = sourcecode.cpp.cpp; path = file_output.cpp; sourceTree = "<group>"; };
		73FB818C1C60A95B00135D69 /* file_output.h */ = {isa = PBXFileReference; fileEncoding = 4; lastKnownFileType = sourcecode.c.h; path = file_output.h; sourceTree = "<group>"; };
		73FB818D1C60A95B00135D69 /* file_stream.cpp */ = {isa = PBXFileReference; fileEncoding = 4; lastKnownFileType = sourcecode.cpp.cpp; path = file_stream.cpp; sourceTree = "<group>"; };
		73FB818E1C60A95B00135D69 /* file_stream.h */ = {isa = PBXFileReference; fileEncoding = 4; lastKnownFileType = sourcecode.c.h; path = file_stream.h; sourceTree = "<group>"; };
		73FB818F1C60A95B00135D69 /* http_stream.cpp */ = {isa = PBXFileReference; fileEncoding = 4; lastKnownFileType = sourcecode.cpp.cpp; path = http_stream.cpp; sourceTree = "<group>"; };
		73FB81901C60A95B00135D69 /* http_stream.h */ = {isa = PBXFileReference; fileEncoding = 4; lastKnownFileType = sourcecode.c.h; path = http_stream.h; sourceTree = "<group>"; };
		73FB81911C60A95B00135D69 /* id3_parser.cpp */ = {isa = PBXFileReference; fileEncoding = 4; lastKnownFileType = sourcecode.cpp.cpp; path = id3_parser.cpp; sourceTree = "<group>"; };
		73FB81921C60A95B00135D69 /* id3_parser.h */ = {isa = PBXFileReference; fileEncoding = 4; lastKnownFileType = sourcecode.c.h; path = id3_parser.h; sourceTree = "<group>"; };
		73FB81931C60A95B00135D69 /* input_stream.cpp */ = {isa = PBXFileReference; fileEncoding = 4; lastKnownFileType = sourcecode.cpp.cpp; path = input_stream.cpp; sourceTree = "<group>"; };
		73FB81941C60A95B00135D69 /* input_stream.h */ = {isa = PBXFileReference; fileEncoding = 4; lastKnownFileType = sourcecode.c.h; path = input_stream.h; sourceTree = "<group>"; };
		73FB81951C60A95B00135D69 /* stream_configuration.cpp */ = {isa = PBXFileReference; fileEncoding = 4; lastKnownFileType = sourcecode.cpp.cpp; path = stream_configuration.cpp; sourceTree = "<group>"; };
		73FB81961C60A95B00135D69 /* stream_configuration.h */ = {isa = PBXFileReference; fileEncoding = 4; lastKnownFileType = sourcecode.c.h; path = stream_configuration.h; sourceTree = "<group>"; };
		73FB81A11C60A97300135D69 /* FSAudioController.h */ = {isa = PBXFileReference; fileEncoding = 4; lastKnownFileType = sourcecode.c.h; path = FSAudioController.h; sourceTree = "<group>"; };
		73FB81A21C60A97300135D69 /* FSAudioController.m */ = {isa = PBXFileReference; fileEncoding = 4; lastKnownFileType = sourcecode.c.objc; path = FSAudioController.m; sourceTree = "<group>"; };
		73FB81A31C60A97300135D69 /* FSAudioStream.h */ = {isa = PBXFileReference; fileEncoding = 4; lastKnownFileType = sourcecode.c.h; path = FSAudioStream.h; sourceTree = "<group>"; };
		73FB81A41C60A97300135D69 /* FSAudioStream.mm */ = {isa = PBXFileReference; fileEncoding = 4; lastKnownFileType = sourcecode.cpp.objcpp; path = FSAudioStream.mm; sourceTree = "<group>"; };
		73FB81A51C60A97300135D69 /* FSCheckContentTypeRequest.h */ = {isa = PBXFileReference; fileEncoding = 4; lastKnownFileType = sourcecode.c.h; path = FSCheckContentTypeRequest.h; sourceTree = "<group>"; };
		73FB81A61C60A97300135D69 /* FSCheckContentTypeRequest.m */ = {isa = PBXFileReference; fileEncoding = 4; lastKnownFileType = sourcecode.c.objc; path = FSCheckContentTypeRequest.m; sourceTree = "<group>"; };
		73FB81A71C60A97300135D69 /* FSParsePlaylistRequest.h */ = {isa = PBXFileReference; fileEncoding = 4; lastKnownFileType = sourcecode.c.h; path = FSParsePlaylistRequest.h; sourceTree = "<group>"; };
		73FB81A81C60A97300135D69 /* FSParsePlaylistRequest.m */ = {isa = PBXFileReference; fileEncoding = 4; lastKnownFileType = sourcecode.c.objc; path = FSParsePlaylistRequest.m; sourceTree = "<group>"; };
		73FB81A91C60A97300135D69 /* FSParseRssPodcastFeedRequest.h */ = {isa = PBXFileReference; fileEncoding = 4; lastKnownFileType = sourcecode.c.h; path = FSParseRssPodcastFeedRequest.h; sourceTree = "<group>"; };
		73FB81AA1C60A97300135D69 /* FSParseRssPodcastFeedRequest.m */ = {isa = PBXFileReference; fileEncoding = 4; lastKnownFileType = sourcecode.c.objc; path = FSParseRssPodcastFeedRequest.m; sourceTree = "<group>"; };
		73FB81AB1C60A97300135D69 /* FSPlaylistItem.h */ = {isa = PBXFileReference; fileEncoding = 4; lastKnownFileType = sourcecode.c.h; path = FSPlaylistItem.h; sourceTree = "<group>"; };
		73FB81AC1C60A97300135D69 /* FSPlaylistItem.m */ = {isa = PBXFileReference; fileEncoding = 4; lastKnownFileType = sourcecode.c.objc; path = FSPlaylistItem.m; sourceTree = "<group>"; };
		73FB81AD1C60A97300135D69 /* FSXMLHttpRequest.h */ = {isa = PBXFileReference; fileEncoding = 4; lastKnownFileType = sourcecode.c.h; path = FSXMLHttpRequest.h; sourceTree = "<group>"; };
		73FB81AE1C60A97300135D69 /* FSXMLHttpRequest.m */ = {isa = PBXFileReference; fileEncoding = 4; lastKnownFileType = sourcecode.c.objc; path = FSXMLHttpRequest.m; sourceTree = "<group>"; };
		73FB81B61C60A98F00135D69 /* AudioQueueServicesViewController.h */ = {isa = PBXFileReference; fileEncoding = 4; lastKnownFileType = sourcecode.c.h; path = AudioQueueServicesViewController.h; sourceTree = "<group>"; };
		73FB81B71C60A98F00135D69 /* AudioQueueServicesViewController.m */ = {isa = PBXFileReference; fileEncoding = 4; lastKnownFileType = sourcecode.c.objc; path = AudioQueueServicesViewController.m; sourceTree = "<group>"; };
		73FB81BC1C60AD1600135D69 /* FreeStreamerMobile-Prefix.pch */ = {isa = PBXFileReference; fileEncoding = 4; lastKnownFileType = sourcecode.c.h; name = "FreeStreamerMobile-Prefix.pch"; path = "astreamer/FreeStreamerMobile-Prefix.pch"; sourceTree = "<group>"; };
/* End PBXFileReference section */

/* Begin PBXFrameworksBuildPhase section */
		731118FA1C5F434900BA29DE /* Frameworks */ = {
			isa = PBXFrameworksBuildPhase;
			buildActionMask = 2147483647;
			files = (
				301C5DA11C7219C700050DAB /* AssetsLibrary.framework in Frameworks */,
				7306CEE91C71BFFD00293B71 /* MobileCoreServices.framework in Frameworks */,
				737E33041C6358C600398296 /* AVKit.framework in Frameworks */,
				73FB817E1C60A8EE00135D69 /* CFNetwork.framework in Frameworks */,
				303D3F841C5FA3CD0083F275 /* MediaPlayer.framework in Frameworks */,
				7311192E1C5F581D00BA29DE /* AudioToolbox.framework in Frameworks */,
				731119281C5F48EA00BA29DE /* AVFoundation.framework in Frameworks */,
			);
			runOnlyForDeploymentPostprocessing = 0;
		};
/* End PBXFrameworksBuildPhase section */

/* Begin PBXGroup section */
		301C5D9E1C72192800050DAB /* 录音 */ = {
			isa = PBXGroup;
			children = (
				7358231F1C60719400C42383 /* HHHViewController.h */,
				7358231D1C60718D00C42383 /* HHHViewController.m */,
				731119311C5F596100BA29DE /* RecordViewController.h */,
				731119321C5F596100BA29DE /* RecordViewController.m */,
				735823221C607EB200C42383 /* RecordViewController.storyboard */,
			);
			name = "录音";
			sourceTree = "<group>";
		};
		301C5D9F1C72195400050DAB /* 录像和拍照 */ = {
			isa = PBXGroup;
			children = (
				7306CEF41C71D7C600293B71 /* FirstViewController.h */,
				7306CEF51C71D7C600293B71 /* FirstViewController.m */,
				7306CEED1C71C06300293B71 /* UIImagePickerViewController.h */,
				7306CEEE1C71C06300293B71 /* UIImagePickerViewController.m */,
				7306CEF21C71D02400293B71 /* UIImagePickerViewController.storyboard */,
			);
			name = "录像和拍照";
			sourceTree = "<group>";
		};
		30346D6C1C74C84800E9D55C /* 视频截图 */ = {
			isa = PBXGroup;
			children = (
				30346D671C74C84100E9D55C /* AVFoundationCameraViewController.h */,
				30346D681C74C84100E9D55C /* AVFoundationCameraViewController.m */,
				30346D691C74C84100E9D55C /* AVFoundationCameraViewController.xib */,
			);
			name = "视频截图";
			sourceTree = "<group>";
		};
		30EEEE641C736C1500E9379C /* 截取指定时间的视频缩略图 */ = {
			isa = PBXGroup;
			children = (
				731119241C5F452200BA29DE /* VideoCutPhotoViewController.h */,
				731119251C5F452200BA29DE /* VideoCutPhotoViewController.m */,
			);
			name = "截取指定时间的视频缩略图";
			sourceTree = "<group>";
		};
		731118F41C5F434900BA29DE = {
			isa = PBXGroup;
			children = (
				301C5DA01C7219C700050DAB /* AssetsLibrary.framework */,
				7306CEE81C71BFFD00293B71 /* MobileCoreServices.framework */,
				737E33031C6358C600398296 /* AVKit.framework */,
				73FB817D1C60A8EE00135D69 /* CFNetwork.framework */,
				303D3F831C5FA3CD0083F275 /* MediaPlayer.framework */,
				7311192D1C5F581D00BA29DE /* AudioToolbox.framework */,
				731119271C5F48EA00BA29DE /* AVFoundation.framework */,
				731118FF1C5F434900BA29DE /* Media All */,
				731118FE1C5F434900BA29DE /* Products */,
			);
			sourceTree = "<group>";
		};
		731118FE1C5F434900BA29DE /* Products */ = {
			isa = PBXGroup;
			children = (
				731118FD1C5F434900BA29DE /* Media All.app */,
			);
			name = Products;
			sourceTree = "<group>";
		};
		731118FF1C5F434900BA29DE /* Media All */ = {
			isa = PBXGroup;
			children = (
				7311192F1C5F593A00BA29DE /* 声音大全.xml */,
				731119031C5F434900BA29DE /* AppDelegate.h */,
				731119041C5F434900BA29DE /* AppDelegate.m */,
				7311191A1C5F438E00BA29DE /* ViewController.h */,
				731119171C5F437E00BA29DE /* ViewController.m */,
				7311191B1C5F44D800BA29DE /* audio（音效、音乐和录音） */,
				7311191C1C5F44E100BA29DE /* video（视频） */,
				7311191D1C5F44E700BA29DE /* photography（调用系统相机） */,
				731119001C5F434900BA29DE /* Supporting Files */,
			);
			path = "Media All";
			sourceTree = "<group>";
		};
		731119001C5F434900BA29DE /* Supporting Files */ = {
			isa = PBXGroup;
			children = (
				7311190E1C5F434900BA29DE /* LaunchScreen.storyboard */,
				731119111C5F434900BA29DE /* Info.plist */,
				7311190C1C5F434900BA29DE /* Assets.xcassets */,
				731119091C5F434900BA29DE /* Main.storyboard */,
				731119011C5F434900BA29DE /* main.m */,
			);
			name = "Supporting Files";
			sourceTree = "<group>";
		};
		7311191B1C5F44D800BA29DE /* audio（音效、音乐和录音） */ = {
			isa = PBXGroup;
			children = (
				7311193C1C5F616100BA29DE /* Resource */,
				731119341C5F598A00BA29DE /* AudioToolViewController.h */,
				731119351C5F598A00BA29DE /* AudioToolViewController.m */,
				731119391C5F60F000BA29DE /* MusicViewController.h */,
				7311193A1C5F60F000BA29DE /* MusicViewController.m */,
				301C5D9E1C72192800050DAB /* 录音 */,
				735823241C6087F300C42383 /* MediaMusicViewController.h */,
				735823251C6087F300C42383 /* MediaMusicViewController.m */,
				73FB81B61C60A98F00135D69 /* AudioQueueServicesViewController.h */,
				73FB81B71C60A98F00135D69 /* AudioQueueServicesViewController.m */,
			);
			name = "audio（音效、音乐和录音）";
			sourceTree = "<group>";
		};
		7311191C1C5F44E100BA29DE /* video（视频） */ = {
			isa = PBXGroup;
			children = (
				731119211C5F451400BA29DE /* MKAVPlayerViewController.h */,
				731119221C5F451400BA29DE /* MKAVPlayerViewController.m */,
				737E33001C63483600398296 /* MoviePlayerViewController.h */,
				737E33011C63483600398296 /* MoviePlayerViewController.m */,
				305156781C6F0772008C61ED /* MoviePlayerController.h */,
				305156791C6F0772008C61ED /* MoviePlayerController.m */,
			);
			name = "video（视频）";
			sourceTree = "<group>";
		};
		7311191D1C5F44E700BA29DE /* photography（调用系统相机） */ = {
			isa = PBXGroup;
			children = (
				301C5D9F1C72195400050DAB /* 录像和拍照 */,
				30EEEE641C736C1500E9379C /* 截取指定时间的视频缩略图 */,
				30346D6C1C74C84800E9D55C /* 视频截图 */,
			);
			name = "photography（调用系统相机）";
			sourceTree = "<group>";
		};
		7311193C1C5F616100BA29DE /* Resource */ = {
			isa = PBXGroup;
			children = (
				731119371C5F5D5300BA29DE /* msgTritone.caf */,
				7311193D1C5F618400BA29DE /* 刘若英 - 原来你也在这里.mp3 */,
				73FB81BC1C60AD1600135D69 /* FreeStreamerMobile-Prefix.pch */,
				73FB81A01C60A97300135D69 /* Common */,
				73FB81841C60A95B00135D69 /* astreamer */,
				73FB81811C60A94C00135D69 /* Reachability.h */,
				73FB81821C60A94C00135D69 /* Reachability.m */,
			);
			name = Resource;
			sourceTree = "<group>";
		};
		73FB81841C60A95B00135D69 /* astreamer */ = {
			isa = PBXGroup;
			children = (
				73FB81851C60A95B00135D69 /* audio_queue.cpp */,
				73FB81861C60A95B00135D69 /* audio_queue.h */,
				73FB81871C60A95B00135D69 /* audio_stream.cpp */,
				73FB81881C60A95B00135D69 /* audio_stream.h */,
				73FB81891C60A95B00135D69 /* caching_stream.cpp */,
				73FB818A1C60A95B00135D69 /* caching_stream.h */,
				73FB818B1C60A95B00135D69 /* file_output.cpp */,
				73FB818C1C60A95B00135D69 /* file_output.h */,
				73FB818D1C60A95B00135D69 /* file_stream.cpp */,
				73FB818E1C60A95B00135D69 /* file_stream.h */,
				73FB818F1C60A95B00135D69 /* http_stream.cpp */,
				73FB81901C60A95B00135D69 /* http_stream.h */,
				73FB81911C60A95B00135D69 /* id3_parser.cpp */,
				73FB81921C60A95B00135D69 /* id3_parser.h */,
				73FB81931C60A95B00135D69 /* input_stream.cpp */,
				73FB81941C60A95B00135D69 /* input_stream.h */,
				73FB81951C60A95B00135D69 /* stream_configuration.cpp */,
				73FB81961C60A95B00135D69 /* stream_configuration.h */,
			);
			path = astreamer;
			sourceTree = "<group>";
		};
		73FB81A01C60A97300135D69 /* Common */ = {
			isa = PBXGroup;
			children = (
				73FB81A11C60A97300135D69 /* FSAudioController.h */,
				73FB81A21C60A97300135D69 /* FSAudioController.m */,
				73FB81A31C60A97300135D69 /* FSAudioStream.h */,
				73FB81A41C60A97300135D69 /* FSAudioStream.mm */,
				73FB81A51C60A97300135D69 /* FSCheckContentTypeRequest.h */,
				73FB81A61C60A97300135D69 /* FSCheckContentTypeRequest.m */,
				73FB81A71C60A97300135D69 /* FSParsePlaylistRequest.h */,
				73FB81A81C60A97300135D69 /* FSParsePlaylistRequest.m */,
				73FB81A91C60A97300135D69 /* FSParseRssPodcastFeedRequest.h */,
				73FB81AA1C60A97300135D69 /* FSParseRssPodcastFeedRequest.m */,
				73FB81AB1C60A97300135D69 /* FSPlaylistItem.h */,
				73FB81AC1C60A97300135D69 /* FSPlaylistItem.m */,
				73FB81AD1C60A97300135D69 /* FSXMLHttpRequest.h */,
				73FB81AE1C60A97300135D69 /* FSXMLHttpRequest.m */,
			);
			path = Common;
			sourceTree = "<group>";
		};
/* End PBXGroup section */

/* Begin PBXNativeTarget section */
		731118FC1C5F434900BA29DE /* Media All */ = {
			isa = PBXNativeTarget;
			buildConfigurationList = 731119141C5F434900BA29DE /* Build configuration list for PBXNativeTarget "Media All" */;
			buildPhases = (
				731118F91C5F434900BA29DE /* Sources */,
				731118FA1C5F434900BA29DE /* Frameworks */,
				731118FB1C5F434900BA29DE /* Resources */,
			);
			buildRules = (
			);
			dependencies = (
			);
			name = "Media All";
			productName = "Media All";
			productReference = 731118FD1C5F434900BA29DE /* Media All.app */;
			productType = "com.apple.product-type.application";
		};
/* End PBXNativeTarget section */

/* Begin PBXProject section */
		731118F51C5F434900BA29DE /* Project object */ = {
			isa = PBXProject;
			attributes = {
				LastUpgradeCheck = 0720;
				ORGANIZATIONNAME = QSY;
				TargetAttributes = {
					731118FC1C5F434900BA29DE = {
						CreatedOnToolsVersion = 7.2;
					};
				};
			};
			buildConfigurationList = 731118F81C5F434900BA29DE /* Build configuration list for PBXProject "Media All" */;
			compatibilityVersion = "Xcode 3.2";
			developmentRegion = English;
			hasScannedForEncodings = 0;
			knownRegions = (
				en,
				Base,
			);
			mainGroup = 731118F41C5F434900BA29DE;
			productRefGroup = 731118FE1C5F434900BA29DE /* Products */;
			projectDirPath = "";
			projectRoot = "";
			targets = (
				731118FC1C5F434900BA29DE /* Media All */,
			);
		};
/* End PBXProject section */

/* Begin PBXResourcesBuildPhase section */
		731118FB1C5F434900BA29DE /* Resources */ = {
			isa = PBXResourcesBuildPhase;
			buildActionMask = 2147483647;
			files = (
				735823231C607EB200C42383 /* RecordViewController.storyboard in Resources */,
				30346D6B1C74C84100E9D55C /* AVFoundationCameraViewController.xib in Resources */,
				731119101C5F434900BA29DE /* LaunchScreen.storyboard in Resources */,
				731119381C5F5D5300BA29DE /* msgTritone.caf in Resources */,
				731119301C5F593A00BA29DE /* 声音大全.xml in Resources */,
				7311190D1C5F434900BA29DE /* Assets.xcassets in Resources */,
				7306CEF31C71D02400293B71 /* UIImagePickerViewController.storyboard in Resources */,
				7311193E1C5F618400BA29DE /* 刘若英 - 原来你也在这里.mp3 in Resources */,
				7311190B1C5F434900BA29DE /* Main.storyboard in Resources */,
			);
			runOnlyForDeploymentPostprocessing = 0;
		};
/* End PBXResourcesBuildPhase section */

/* Begin PBXSourcesBuildPhase section */
		731118F91C5F434900BA29DE /* Sources */ = {
			isa = PBXSourcesBuildPhase;
			buildActionMask = 2147483647;
			files = (
				73FB81AF1C60A97300135D69 /* FSAudioController.m in Sources */,
				7311193B1C5F60F000BA29DE /* MusicViewController.m in Sources */,
				73FB81981C60A95B00135D69 /* audio_stream.cpp in Sources */,
				73FB81B51C60A97300135D69 /* FSXMLHttpRequest.m in Sources */,
				30346D6A1C74C84100E9D55C /* AVFoundationCameraViewController.m in Sources */,
				731119231C5F451400BA29DE /* MKAVPlayerViewController.m in Sources */,
				3051567A1C6F0772008C61ED /* MoviePlayerController.m in Sources */,
				7306CEEF1C71C06300293B71 /* UIImagePickerViewController.m in Sources */,
				73FB81971C60A95B00135D69 /* audio_queue.cpp in Sources */,
				731119181C5F437E00BA29DE /* ViewController.m in Sources */,
				73FB81991C60A95B00135D69 /* caching_stream.cpp in Sources */,
				73FB81831C60A94C00135D69 /* Reachability.m in Sources */,
				73FB819D1C60A95B00135D69 /* id3_parser.cpp in Sources */,
				73FB81B31C60A97300135D69 /* FSParseRssPodcastFeedRequest.m in Sources */,
				73FB81B81C60A98F00135D69 /* AudioQueueServicesViewController.m in Sources */,
				73FB819F1C60A95B00135D69 /* stream_configuration.cpp in Sources */,
				73FB81B11C60A97300135D69 /* FSCheckContentTypeRequest.m in Sources */,
				7358231E1C60718D00C42383 /* HHHViewController.m in Sources */,
				731119261C5F452200BA29DE /* VideoCutPhotoViewController.m in Sources */,
				73FB819E1C60A95B00135D69 /* input_stream.cpp in Sources */,
				73FB819C1C60A95B00135D69 /* http_stream.cpp in Sources */,
				73FB819A1C60A95B00135D69 /* file_output.cpp in Sources */,
				73FB81B41C60A97300135D69 /* FSPlaylistItem.m in Sources */,
				731119361C5F598A00BA29DE /* AudioToolViewController.m in Sources */,
				7306CEF61C71D7C600293B71 /* FirstViewController.m in Sources */,
				73FB819B1C60A95B00135D69 /* file_stream.cpp in Sources */,
				737E33021C63483600398296 /* MoviePlayerViewController.m in Sources */,
				73FB81B21C60A97300135D69 /* FSParsePlaylistRequest.m in Sources */,
				731119051C5F434900BA29DE /* AppDelegate.m in Sources */,
				731119331C5F596100BA29DE /* RecordViewController.m in Sources */,
				731119021C5F434900BA29DE /* main.m in Sources */,
				735823261C6087F300C42383 /* MediaMusicViewController.m in Sources */,
				73FB81B01C60A97300135D69 /* FSAudioStream.mm in Sources */,
			);
			runOnlyForDeploymentPostprocessing = 0;
		};
/* End PBXSourcesBuildPhase section */

/* Begin PBXVariantGroup section */
		731119091C5F434900BA29DE /* Main.storyboard */ = {
			isa = PBXVariantGroup;
			children = (
				7311190A1C5F434900BA29DE /* Base */,
			);
			name = Main.storyboard;
			sourceTree = "<group>";
		};
		7311190E1C5F434900BA29DE /* LaunchScreen.storyboard */ = {
			isa = PBXVariantGroup;
			children = (
				7311190F1C5F434900BA29DE /* Base */,
			);
			name = LaunchScreen.storyboard;
			sourceTree = "<group>";
		};
/* End PBXVariantGroup section */

/* Begin XCBuildConfiguration section */
		731119121C5F434900BA29DE /* Debug */ = {
			isa = XCBuildConfiguration;
			buildSettings = {
				ALWAYS_SEARCH_USER_PATHS = NO;
				CLANG_CXX_LANGUAGE_STANDARD = "gnu++0x";
				CLANG_CXX_LIBRARY = "libc++";
				CLANG_ENABLE_MODULES = YES;
				CLANG_ENABLE_OBJC_ARC = YES;
				CLANG_WARN_BOOL_CONVERSION = YES;
				CLANG_WARN_CONSTANT_CONVERSION = YES;
				CLANG_WARN_DIRECT_OBJC_ISA_USAGE = YES_ERROR;
				CLANG_WARN_EMPTY_BODY = YES;
				CLANG_WARN_ENUM_CONVERSION = YES;
				CLANG_WARN_INT_CONVERSION = YES;
				CLANG_WARN_OBJC_ROOT_CLASS = YES_ERROR;
				CLANG_WARN_UNREACHABLE_CODE = YES;
				CLANG_WARN__DUPLICATE_METHOD_MATCH = YES;
				"CODE_SIGN_IDENTITY[sdk=iphoneos*]" = "iPhone Developer";
				COPY_PHASE_STRIP = NO;
				DEBUG_INFORMATION_FORMAT = dwarf;
				ENABLE_STRICT_OBJC_MSGSEND = YES;
				ENABLE_TESTABILITY = YES;
				GCC_C_LANGUAGE_STANDARD = gnu99;
				GCC_DYNAMIC_NO_PIC = NO;
				GCC_NO_COMMON_BLOCKS = YES;
				GCC_OPTIMIZATION_LEVEL = 0;
				GCC_PREPROCESSOR_DEFINITIONS = (
					"DEBUG=1",
					"$(inherited)",
				);
				GCC_WARN_64_TO_32_BIT_CONVERSION = YES;
				GCC_WARN_ABOUT_RETURN_TYPE = YES_ERROR;
				GCC_WARN_UNDECLARED_SELECTOR = YES;
				GCC_WARN_UNINITIALIZED_AUTOS = YES_AGGRESSIVE;
				GCC_WARN_UNUSED_FUNCTION = YES;
				GCC_WARN_UNUSED_VARIABLE = YES;
				IPHONEOS_DEPLOYMENT_TARGET = 9.2;
				MTL_ENABLE_DEBUG_INFO = YES;
				ONLY_ACTIVE_ARCH = YES;
				SDKROOT = iphoneos;
				TARGETED_DEVICE_FAMILY = "1,2";
			};
			name = Debug;
		};
		731119131C5F434900BA29DE /* Release */ = {
			isa = XCBuildConfiguration;
			buildSettings = {
				ALWAYS_SEARCH_USER_PATHS = NO;
				CLANG_CXX_LANGUAGE_STANDARD = "gnu++0x";
				CLANG_CXX_LIBRARY = "libc++";
				CLANG_ENABLE_MODULES = YES;
				CLANG_ENABLE_OBJC_ARC = YES;
				CLANG_WARN_BOOL_CONVERSION = YES;
				CLANG_WARN_CONSTANT_CONVERSION = YES;
				CLANG_WARN_DIRECT_OBJC_ISA_USAGE = YES_ERROR;
				CLANG_WARN_EMPTY_BODY = YES;
				CLANG_WARN_ENUM_CONVERSION = YES;
				CLANG_WARN_INT_CONVERSION = YES;
				CLANG_WARN_OBJC_ROOT_CLASS = YES_ERROR;
				CLANG_WARN_UNREACHABLE_CODE = YES;
				CLANG_WARN__DUPLICATE_METHOD_MATCH = YES;
				"CODE_SIGN_IDENTITY[sdk=iphoneos*]" = "iPhone Developer";
				COPY_PHASE_STRIP = NO;
				DEBUG_INFORMATION_FORMAT = "dwarf-with-dsym";
				ENABLE_NS_ASSERTIONS = NO;
				ENABLE_STRICT_OBJC_MSGSEND = YES;
				GCC_C_LANGUAGE_STANDARD = gnu99;
				GCC_NO_COMMON_BLOCKS = YES;
				GCC_WARN_64_TO_32_BIT_CONVERSION = YES;
				GCC_WARN_ABOUT_RETURN_TYPE = YES_ERROR;
				GCC_WARN_UNDECLARED_SELECTOR = YES;
				GCC_WARN_UNINITIALIZED_AUTOS = YES_AGGRESSIVE;
				GCC_WARN_UNUSED_FUNCTION = YES;
				GCC_WARN_UNUSED_VARIABLE = YES;
				IPHONEOS_DEPLOYMENT_TARGET = 9.2;
				MTL_ENABLE_DEBUG_INFO = NO;
				SDKROOT = iphoneos;
				TARGETED_DEVICE_FAMILY = "1,2";
				VALIDATE_PRODUCT = YES;
			};
			name = Release;
		};
		731119151C5F434900BA29DE /* Debug */ = {
			isa = XCBuildConfiguration;
			buildSettings = {
				ASSETCATALOG_COMPILER_APPICON_NAME = AppIcon;
				HEADER_SEARCH_PATHS = "${SDK_DIR}/usr/include/libxml2";
				INFOPLIST_FILE = "Media All/Info.plist";
				IPHONEOS_DEPLOYMENT_TARGET = 8.1;
				LD_RUNPATH_SEARCH_PATHS = "$(inherited) @executable_path/Frameworks";
				OTHER_LDFLAGS = "-lxml2";
				PRODUCT_BUNDLE_IDENTIFIER = "com.qsy.Media-All";
				PRODUCT_NAME = "$(TARGET_NAME)";
			};
			name = Debug;
		};
		731119161C5F434900BA29DE /* Release */ = {
			isa = XCBuildConfiguration;
			buildSettings = {
				ASSETCATALOG_COMPILER_APPICON_NAME = AppIcon;
				HEADER_SEARCH_PATHS = "${SDK_DIR}/usr/include/libxml2";
				INFOPLIST_FILE = "Media All/Info.plist";
				IPHONEOS_DEPLOYMENT_TARGET = 8.1;
				LD_RUNPATH_SEARCH_PATHS = "$(inherited) @executable_path/Frameworks";
				OTHER_LDFLAGS = "-lxml2";
				PRODUCT_BUNDLE_IDENTIFIER = "com.qsy.Media-All";
				PRODUCT_NAME = "$(TARGET_NAME)";
			};
			name = Release;
		};
/* End XCBuildConfiguration section */

/* Begin XCConfigurationList section */
		731118F81C5F434900BA29DE /* Build configuration list for PBXProject "Media All" */ = {
			isa = XCConfigurationList;
			buildConfigurations = (
				731119121C5F434900BA29DE /* Debug */,
				731119131C5F434900BA29DE /* Release */,
			);
			defaultConfigurationIsVisible = 0;
			defaultConfigurationName = Release;
		};
		731119141C5F434900BA29DE /* Build configuration list for PBXNativeTarget "Media All" */ = {
			isa = XCConfigurationList;
			buildConfigurations = (
				731119151C5F434900BA29DE /* Debug */,
				731119161C5F434900BA29DE /* Release */,
			);
			defaultConfigurationIsVisible = 0;
			defaultConfigurationName = Release;
		};
/* End XCConfigurationList section */
	};
	rootObject = 731118F51C5F434900BA29DE /* Project object */;
}
